
Microsoft Visual Studio Solution File, Format Version 12.00
# Visual Studio Version 17
VisualStudioVersion = 17.4.33122.133
MinimumVisualStudioVersion = 10.0.40219.1
Project("{FAE04EC0-301F-11D3-BF4B-00C04F79EFBC}") = "Splitter", "Splitter\Splitter.csproj", "{FA71963B-365F-49C4-83A0-C8079705FEE1}"
EndProject
Global
	GlobalSection(SolutionConfigurationPlatforms) = preSolution
		Debug|Any CPU = Debug|Any CPU
		Release|Any CPU = Release|Any CPU
	EndGlobalSection
	GlobalSection(ProjectConfigurationPlatforms) = postSolution
		{FA71963B-365F-49C4-83A0-C8079705FEE1}.Debug|Any CPU.ActiveCfg = Debug|Any CPU
		{FA71963B-365F-49C4-83A0-C8079705FEE1}.Debug|Any CPU.Build.0 = Debug|Any CPU
		{FA71963B-365F-49C4-83A0-C8079705FEE1}.Release|Any CPU.ActiveCfg = Release|Any CPU
		{FA71963B-365F-49C4-83A0-C8079705FEE1}.Release|Any CPU.Build.0 = Release|Any CPU
	EndGlobalSection
	GlobalSection(SolutionProperties) = preSolution
		HideSolutionNode = FALSE
	EndGlobalSection
	GlobalSection(ExtensibilityGlobals) = postSolution
		SolutionGuid = {4BAF7FBE-191F-47FE-BFED-7269F7B3149C}
	EndGlobalSection
EndGlobal
